Microsoft Visual Studio Solution File, Format Version 12.00
# Visual Studio Version 17
VisualStudioVersion = 17.5.2.0
MinimumVisualStudioVersion = 10.0.40219.1
Project("{FAE04EC0-301F-11D3-BF4B-00C04F79EFBC}") = "HTQuanLyNhanSu", "HTQuanLyNhanSu.csproj", "{0DAAE1C1-A2DD-BC4B-BF06-5E5E0A0F859E}"
EndProject
Global
	GlobalSection(SolutionConfigurationPlatforms) = preSolution
		Debug|Any CPU = Debug|Any CPU
		Release|Any CPU = Release|Any CPU
	EndGlobalSection
	GlobalSection(ProjectConfigurationPlatforms) = postSolution
		{0DAAE1C1-A2DD-BC4B-BF06-5E5E0A0F859E}.Debug|Any CPU.ActiveCfg = Debug|Any CPU
		{0DAAE1C1-A2DD-BC4B-BF06-5E5E0A0F859E}.Debug|Any CPU.Build.0 = Debug|Any CPU
		{0DAAE1C1-A2DD-BC4B-BF06-5E5E0A0F859E}.Release|Any CPU.ActiveCfg = Release|Any CPU
		{0DAAE1C1-A2DD-BC4B-BF06-5E5E0A0F859E}.Release|Any CPU.Build.0 = Release|Any CPU
	EndGlobalSection
	GlobalSection(SolutionProperties) = preSolution
		HideSolutionNode = FALSE
	EndGlobalSection
	GlobalSection(ExtensibilityGlobals) = postSolution
		SolutionGuid = {840A976C-A239-4787-B290-EB736DB516F0}
	EndGlobalSection
EndGlobal
